
Microsoft Visual Studio Solution File, Format Version 12.00
# Visual Studio Version 17
VisualStudioVersion = 17.10.35027.167
MinimumVisualStudioVersion = 10.0.40219.1
Project("{9A19103F-16F7-4668-BE54-9A1E7A4F7556}") = "TayyabTest", "TayyabTest\TayyabTest.csproj", "{79AD313E-D0F6-44A8-BEA9-2BF88583C630}"
EndProject
Project("{2150E333-8FDC-42A3-9474-1A3956D46DE8}") = "Solution Items", "Solution Items", "{D50D9A13-C923-4DC2-9C91-9B59D3FB584C}"
	ProjectSection(SolutionItems) = preProject
		.gitignore = .gitignore
	EndProjectSection
EndProject
Global
	GlobalSection(SolutionConfigurationPlatforms) = preSolution
		Debug|Any CPU = Debug|Any CPU
		Release|Any CPU = Release|Any CPU
	EndGlobalSection
	GlobalSection(ProjectConfigurationPlatforms) = postSolution
		{79AD313E-D0F6-44A8-BEA9-2BF88583C630}.Debug|Any CPU.ActiveCfg = Debug|Any CPU
		{79AD313E-D0F6-44A8-BEA9-2BF88583C630}.Debug|Any CPU.Build.0 = Debug|Any CPU
		{79AD313E-D0F6-44A8-BEA9-2BF88583C630}.Release|Any CPU.ActiveCfg = Release|Any CPU
		{79AD313E-D0F6-44A8-BEA9-2BF88583C630}.Release|Any CPU.Build.0 = Release|Any CPU
	EndGlobalSection
	GlobalSection(SolutionProperties) = preSolution
		HideSolutionNode = FALSE
	EndGlobalSection
	GlobalSection(ExtensibilityGlobals) = postSolution
		SolutionGuid = {6110D012-FDA5-4EFC-8F2A-9362A89259E3}
	EndGlobalSection
EndGlobal
